// !$*UTF8*$!
{
	archiveVersion = 1;
	classes = {
	};
	objectVersion = 46;
	objects = {

/* Begin PBXBuildFile section */
		6D762A4E1CFD1E3D00D48F42 /* main.m in Sources */ = {isa = PBXBuildFile; fileRef = 6D762A4D1CFD1E3D00D48F42 /* main.m */; };
		6D762A511CFD1E3D00D48F42 /* AppDelegate.m in Sources */ = {isa = PBXBuildFile; fileRef = 6D762A501CFD1E3D00D48F42 /* AppDelegate.m */; };
		6D762A541CFD1E3D00D48F42 /* ViewController.m in Sources */ = {isa = PBXBuildFile; fileRef = 6D762A531CFD1E3D00D48F42 /* ViewController.m */; };
		6D762A571CFD1E3D00D48F42 /* Main.storyboard in Resources */ = {isa = PBXBuildFile; fileRef = 6D762A551CFD1E3D00D48F42 /* Main.storyboard */; };
		6D762A591CFD1E3D00D48F42 /* Assets.xcassets in Resources */ = {isa = PBXBuildFile; fileRef = 6D762A581CFD1E3D00D48F42 /* Assets.xcassets */; };
		6D762A5C1CFD1E3D00D48F42 /* LaunchScreen.storyboard in Resources */ = {isa = PBXBuildFile; fileRef = 6D762A5A1CFD1E3D00D48F42 /* LaunchScreen.storyboard */; };
		6D762A671CFD1E3E00D48F42 /* HHCuteViewTests.m in Sources */ = {isa = PBXBuildFile; fileRef = 6D762A661CFD1E3E00D48F42 /* HHCuteViewTests.m */; };
		6D762A721CFD1E3E00D48F42 /* HHCuteViewUITests.m in Sources */ = {isa = PBXBuildFile; fileRef = 6D762A711CFD1E3E00D48F42 /* HHCuteViewUITests.m */; };
		6D762A821CFD1E5F00D48F42 /* KYCuteView.m in Sources */ = {isa = PBXBuildFile; fileRef = 6D762A811CFD1E5F00D48F42 /* KYCuteView.m */; };
/* End PBXBuildFile section */

/* Begin PBXContainerItemProxy section */
		6D762A631CFD1E3E00D48F42 /* PBXContainerItemProxy */ = {
			isa = PBXContainerItemProxy;
			containerPortal = 6D762A411CFD1E3D00D48F42 /* Project object */;
			proxyType = 1;
			remoteGlobalIDString = 6D762A481CFD1E3D00D48F42;
			remoteInfo = HHCuteView;
		};
		6D762A6E1CFD1E3E00D48F42 /* PBXContainerItemProxy */ = {
			isa = PBXContainerItemProxy;
			containerPortal = 6D762A411CFD1E3D00D48F42 /* Project object */;
			proxyType = 1;
			remoteGlobalIDString = 6D762A481CFD1E3D00D48F42;
			remoteInfo = HHCuteView;
		};
/* End PBXContainerItemProxy section */

/* Begin PBXFileReference section */
		6D762A491CFD1E3D00D48F42 /* HHCuteView.app */ = {isa = PBXFileReference; explicitFileType = wrapper.application; includeInIndex = 0; path = HHCuteView.app; sourceTree = BUILT_PRODUCTS_DIR; };
		6D762A4D1CFD1E3D00D48F42 /* main.m */ = {isa = PBXFileReference; lastKnownFileType = sourcecode.c.objc; path = main.m; sourceTree = "<group>"; };
		6D762A4F1CFD1E3D00D48F42 /* AppDelegate.h */ = {isa = PBXFileReference; lastKnownFileType = sourcecode.c.h; path = AppDelegate.h; sourceTree = "<group>"; };
		6D762A501CFD1E3D00D48F42 /* AppDelegate.m */ = {isa = PBXFileReference; lastKnownFileType = sourcecode.c.objc; path = AppDelegate.m; sourceTree = "<group>"; };
		6D762A521CFD1E3D00D48F42 /* ViewController.h */ = {isa = PBXFileReference; lastKnownFileType = sourcecode.c.h; path = ViewController.h; sourceTree = "<group>"; };
		6D762A531CFD1E3D00D48F42 /* ViewController.m */ = {isa = PBXFileReference; lastKnownFileType = sourcecode.c.objc; path = ViewController.m; sourceTree = "<group>"; };
		6D762A561CFD1E3D00D48F42 /* Base */ = {isa = PBXFileReference; lastKnownFileType = file.storyboard; name = Base; path = Base.lproj/Main.storyboard; sourceTree = "<group>"; };
		6D762A581CFD1E3D00D48F42 /* Assets.xcassets */ = {isa = PBXFileReference; lastKnownFileType = folder.assetcatalog; path = Assets.xcassets; sourceTree = "<group>"; };
		6D762A5B1CFD1E3D00D48F42 /* Base */ = {isa = PBXFileReference; lastKnownFileType = file.storyboard; name = Base; path = Base.lproj/LaunchScreen.storyboard; sourceTree = "<group>"; };
		6D762A5D1CFD1E3D00D48F42 /* Info.plist */ = {isa = PBXFileReference; lastKnownFileType = text.plist.xml; path = Info.plist; sourceTree = "<group>"; };
		6D762A621CFD1E3E00D48F42 /* HHCuteViewTests.xctest */ = {isa = PBXFileReference; explicitFileType = wrapper.cfbundle; includeInIndex = 0; path = HHCuteViewTests.xctest; sourceTree = BUILT_PRODUCTS_DIR; };
		6D762A661CFD1E3E00D48F42 /* HHCuteViewTests.m */ = {isa = PBXFileReference; lastKnownFileType = sourcecode.c.objc; path = HHCuteViewTests.m; sourceTree = "<group>"; };
		6D762A681CFD1E3E00D48F42 /* Info.plist */ = {isa = PBXFileReference; lastKnownFileType = text.plist.xml; path = Info.plist; sourceTree = "<group>"; };
		6D762A6D1CFD1E3E00D48F42 /* HHCuteViewUITests.xctest */ = {isa = PBXFileReference; explicitFileType = wrapper.cfbundle; includeInIndex = 0; path = HHCuteViewUITests.xctest; sourceTree = BUILT_PRODUCTS_DIR; };
		6D762A711CFD1E3E00D48F42 /* HHCuteViewUITests.m */ = {isa = PBXFileReference; lastKnownFileType = sourcecode.c.objc; path = HHCuteViewUITests.m; sourceTree = "<group>"; };
		6D762A731CFD1E3E00D48F42 /* Info.plist */ = {isa = PBXFileReference; lastKnownFileType = text.plist.xml; path = Info.plist; sourceTree = "<group>"; };
		6D762A801CFD1E5F00D48F42 /* KYCuteView.h */ = {isa = PBXFileReference; fileEncoding = 4; lastKnownFileType = sourcecode.c.h; path = KYCuteView.h; sourceTree = "<group>"; };
		6D762A811CFD1E5F00D48F42 /* KYCuteView.m */ = {isa = PBXFileReference; fileEncoding = 4; lastKnownFileType = sourcecode.c.objc; path = KYCuteView.m; sourceTree = "<group>"; };
/* End PBXFileReference section */

/* Begin PBXFrameworksBuildPhase section */
		6D762A461CFD1E3D00D48F42 /* Frameworks */ = {
			isa = PBXFrameworksBuildPhase;
			buildActionMask = 2147483647;
			files = (
			);
			runOnlyForDeploymentPostprocessing = 0;
		};
		6D762A5F1CFD1E3E00D48F42 /* Frameworks */ = {
			isa = PBXFrameworksBuildPhase;
			buildActionMask = 2147483647;
			files = (
			);
			runOnlyForDeploymentPostprocessing = 0;
		};
		6D762A6A1CFD1E3E00D48F42 /* Frameworks */ = {
			isa = PBXFrameworksBuildPhase;
			buildActionMask = 2147483647;
			files = (
			);
			runOnlyForDeploymentPostprocessing = 0;
		};
/* End PBXFrameworksBuildPhase section */

/* Begin PBXGroup section */
		6D762A401CFD1E3D00D48F42 = {
			isa = PBXGroup;
			children = (
				6D762A4B1CFD1E3D00D48F42 /* HHCuteView */,
				6D762A651CFD1E3E00D48F42 /* HHCuteViewTests */,
				6D762A701CFD1E3E00D48F42 /* HHCuteViewUITests */,
				6D762A4A1CFD1E3D00D48F42 /* Products */,
			);
			sourceTree = "<group>";
		};
		6D762A4A1CFD1E3D00D48F42 /* Products */ = {
			isa = PBXGroup;
			children = (
				6D762A491CFD1E3D00D48F42 /* HHCuteView.app */,
				6D762A621CFD1E3E00D48F42 /* HHCuteViewTests.xctest */,
				6D762A6D1CFD1E3E00D48F42 /* HHCuteViewUITests.xctest */,
			);
			name = Products;
			sourceTree = "<group>";
		};
		6D762A4B1CFD1E3D00D48F42 /* HHCuteView */ = {
			isa = PBXGroup;
			children = (
				6D762A7F1CFD1E5F00D48F42 /* KYCuteView */,
				6D762A4F1CFD1E3D00D48F42 /* AppDelegate.h */,
				6D762A501CFD1E3D00D48F42 /* AppDelegate.m */,
				6D762A521CFD1E3D00D48F42 /* ViewController.h */,
				6D762A531CFD1E3D00D48F42 /* ViewController.m */,
				6D762A551CFD1E3D00D48F42 /* Main.storyboard */,
				6D762A581CFD1E3D00D48F42 /* Assets.xcassets */,
				6D762A5A1CFD1E3D00D48F42 /* LaunchScreen.storyboard */,
				6D762A5D1CFD1E3D00D48F42 /* Info.plist */,
				6D762A4C1CFD1E3D00D48F42 /* Supporting Files */,
			);
			path = HHCuteView;
			sourceTree = "<group>";
		};
		6D762A4C1CFD1E3D00D48F42 /* Supporting Files */ = {
			isa = PBXGroup;
			children = (
				6D762A4D1CFD1E3D00D48F42 /* main.m */,
			);
			name = "Supporting Files";
			sourceTree = "<group>";
		};
		6D762A651CFD1E3E00D48F42 /* HHCuteViewTests */ = {
			isa = PBXGroup;
			children = (
				6D762A661CFD1E3E00D48F42 /* HHCuteViewTests.m */,
				6D762A681CFD1E3E00D48F42 /* Info.plist */,
			);
			path = HHCuteViewTests;
			sourceTree = "<group>";
		};
		6D762A701CFD1E3E00D48F42 /* HHCuteViewUITests */ = {
			isa = PBXGroup;
			children = (
				6D762A711CFD1E3E00D48F42 /* HHCuteViewUITests.m */,
				6D762A731CFD1E3E00D48F42 /* Info.plist */,
			);
			path = HHCuteViewUITests;
			sourceTree = "<group>";
		};
		6D762A7F1CFD1E5F00D48F42 /* KYCuteView */ = {
			isa = PBXGroup;
			children = (
				6D762A801CFD1E5F00D48F42 /* KYCuteView.h */,
				6D762A811CFD1E5F00D48F42 /* KYCuteView.m */,
			);
			path = KYCuteView;
			sourceTree = "<group>";
		};
/* End PBXGroup section */

/* Begin PBXNativeTarget section */
		6D762A481CFD1E3D00D48F42 /* HHCuteView */ = {
			isa = PBXNativeTarget;
			buildConfigurationList = 6D762A761CFD1E3E00D48F42 /* Build configuration list for PBXNativeTarget "HHCuteView" */;
			buildPhases = (
				6D762A451CFD1E3D00D48F42 /* Sources */,
				6D762A461CFD1E3D00D48F42 /* Frameworks */,
				6D762A471CFD1E3D00D48F42 /* Resources */,
			);
			buildRules = (
			);
			dependencies = (
			);
			name = HHCuteView;
			productName = HHCuteView;
			productReference = 6D762A491CFD1E3D00D48F42 /* HHCuteView.app */;
			productType = "com.apple.product-type.application";
		};
		6D762A611CFD1E3E00D48F42 /* HHCuteViewTests */ = {
			isa = PBXNativeTarget;
			buildConfigurationList = 6D762A791CFD1E3E00D48F42 /* Build configuration list for PBXNativeTarget "HHCuteViewTests" */;
			buildPhases = (
				6D762A5E1CFD1E3E00D48F42 /* Sources */,
				6D762A5F1CFD1E3E00D48F42 /* Frameworks */,
				6D762A601CFD1E3E00D48F42 /* Resources */,
			);
			buildRules = (
			);
			dependencies = (
				6D762A641CFD1E3E00D48F42 /* PBXTargetDependency */,
			);
			name = HHCuteViewTests;
			productName = HHCuteViewTests;
			productReference = 6D762A621CFD1E3E00D48F42 /* HHCuteViewTests.xctest */;
			productType = "com.apple.product-type.bundle.unit-test";
		};
		6D762A6C1CFD1E3E00D48F42 /* HHCuteViewUITests */ = {
			isa = PBXNativeTarget;
			buildConfigurationList = 6D762A7C1CFD1E3E00D48F42 /* Build configuration list for PBXNativeTarget "HHCuteViewUITests" */;
			buildPhases = (
				6D762A691CFD1E3E00D48F42 /* Sources */,
				6D762A6A1CFD1E3E00D48F42 /* Frameworks */,
				6D762A6B1CFD1E3E00D48F42 /* Resources */,
			);
			buildRules = (
			);
			dependencies = (
				6D762A6F1CFD1E3E00D48F42 /* PBXTargetDependency */,
			);
			name = HHCuteViewUITests;
			productName = HHCuteViewUITests;
			productReference = 6D762A6D1CFD1E3E00D48F42 /* HHCuteViewUITests.xctest */;
			productType = "com.apple.product-type.bundle.ui-testing";
		};
/* End PBXNativeTarget section */

/* Begin PBXProject section */
		6D762A411CFD1E3D00D48F42 /* Project object */ = {
			isa = PBXProject;
			attributes = {
				LastUpgradeCheck = 0730;
				ORGANIZATIONNAME = Hosten;
				TargetAttributes = {
					6D762A481CFD1E3D00D48F42 = {
						CreatedOnToolsVersion = 7.3;
					};
					6D762A611CFD1E3E00D48F42 = {
						CreatedOnToolsVersion = 7.3;
						TestTargetID = 6D762A481CFD1E3D00D48F42;
					};
					6D762A6C1CFD1E3E00D48F42 = {
						CreatedOnToolsVersion = 7.3;
						TestTargetID = 6D762A481CFD1E3D00D48F42;
					};
				};
			};
			buildConfigurationList = 6D762A441CFD1E3D00D48F42 /* Build configuration list for PBXProject "HHCuteView" */;
			compatibilityVersion = "Xcode 3.2";
			developmentRegion = English;
			hasScannedForEncodings = 0;
			knownRegions = (
				en,
				Base,
			);
			mainGroup = 6D762A401CFD1E3D00D48F42;
			productRefGroup = 6D762A4A1CFD1E3D00D48F42 /* Products */;
			projectDirPath = "";
			projectRoot = "";
			targets = (
				6D762A481CFD1E3D00D48F42 /* HHCuteView */,
				6D762A611CFD1E3E00D48F42 /* HHCuteViewTests */,
				6D762A6C1CFD1E3E00D48F42 /* HHCuteViewUITests */,
			);
		};
/* End PBXProject section */

/* Begin PBXResourcesBuildPhase section */
		6D762A471CFD1E3D00D48F42 /* Resources */ = {
			isa = PBXResourcesBuildPhase;
			buildActionMask = 2147483647;
			files = (
				6D762A5C1CFD1E3D00D48F42 /* LaunchScreen.storyboard in Resources */,
				6D762A591CFD1E3D00D48F42 /* Assets.xcassets in Resources */,
				6D762A571CFD1E3D00D48F42 /* Main.storyboard in Resources */,
			);
			runOnlyForDeploymentPostprocessing = 0;
		};
		6D762A601CFD1E3E00D48F42 /* Resources */ = {
			isa = PBXResourcesBuildPhase;
			buildActionMask = 2147483647;
			files = (
			);
			runOnlyForDeploymentPostprocessing = 0;
		};
		6D762A6B1CFD1E3E00D48F42 /* Resources */ = {
			isa = PBXResourcesBuildPhase;
			buildActionMask = 2147483647;
			files = (
			);
			runOnlyForDeploymentPostprocessing = 0;
		};
/* End PBXResourcesBuildPhase section */

/* Begin PBXSourcesBuildPhase section */
		6D762A451CFD1E3D00D48F42 /* Sources */ = {
			isa = PBXSourcesBuildPhase;
			buildActionMask = 2147483647;
			files = (
				6D762A541CFD1E3D00D48F42 /* ViewController.m in Sources */,
				6D762A511CFD1E3D00D48F42 /* AppDelegate.m in Sources */,
				6D762A4E1CFD1E3D00D48F42 /* main.m in Sources */,
				6D762A821CFD1E5F00D48F42 /* KYCuteView.m in Sources */,
			);
			runOnlyForDeploymentPostprocessing = 0;
		};
		6D762A5E1CFD1E3E00D48F42 /* Sources */ = {
			isa = PBXSourcesBuildPhase;
			buildActionMask = 2147483647;
			files = (
				6D762A671CFD1E3E00D48F42 /* HHCuteViewTests.m in Sources */,
			);
			runOnlyForDeploymentPostprocessing = 0;
		};
		6D762A691CFD1E3E00D48F42 /* Sources */ = {
			isa = PBXSourcesBuildPhase;
			buildActionMask = 2147483647;
			files = (
				6D762A721CFD1E3E00D48F42 /* HHCuteViewUITests.m in Sources */,
			);
			runOnlyForDeploymentPostprocessing = 0;
		};
/* End PBXSourcesBuildPhase section */

/* Begin PBXTargetDependency section */
		6D762A641CFD1E3E00D48F42 /* PBXTargetDependency */ = {
			isa = PBXTargetDependency;
			target = 6D762A481CFD1E3D00D48F42 /* HHCuteView */;
			targetProxy = 6D762A631CFD1E3E00D48F42 /* PBXContainerItemProxy */;
		};
		6D762A6F1CFD1E3E00D48F42 /* PBXTargetDependency */ = {
			isa = PBXTargetDependency;
			target = 6D762A481CFD1E3D00D48F42 /* HHCuteView */;
			targetProxy = 6D762A6E1CFD1E3E00D48F42 /* PBXContainerItemProxy */;
		};
/* End PBXTargetDependency section */

/* Begin PBXVariantGroup section */
		6D762A551CFD1E3D00D48F42 /* Main.storyboard */ = {
			isa = PBXVariantGroup;
			children = (
				6D762A561CFD1E3D00D48F42 /* Base */,
			);
			name = Main.storyboard;
			sourceTree = "<group>";
		};
		6D762A5A1CFD1E3D00D48F42 /* LaunchScreen.storyboard */ = {
			isa = PBXVariantGroup;
			children = (
				6D762A5B1CFD1E3D00D48F42 /* Base */,
			);
			name = LaunchScreen.storyboard;
			sourceTree = "<group>";
		};
/* End PBXVariantGroup section */

/* Begin XCBuildConfiguration section */
		6D762A741CFD1E3E00D48F42 /* Debug */ = {
			isa = XCBuildConfiguration;
			buildSettings = {
				ALWAYS_SEARCH_USER_PATHS = NO;
				CLANG_ANALYZER_NONNULL = YES;
				CLANG_CXX_LANGUAGE_STANDARD = "gnu++0x";
				CLANG_CXX_LIBRARY = "libc++";
				CLANG_ENABLE_MODULES = YES;
				CLANG_ENABLE_OBJC_ARC = YES;
				CLANG_WARN_BOOL_CONVERSION = YES;
				CLANG_WARN_CONSTANT_CONVERSION = YES;
				CLANG_WARN_DIRECT_OBJC_ISA_USAGE = YES_ERROR;
				CLANG_WARN_EMPTY_BODY = YES;
				CLANG_WARN_ENUM_CONVERSION = YES;
				CLANG_WARN_INT_CONVERSION = YES;
				CLANG_WARN_OBJC_ROOT_CLASS = YES_ERROR;
				CLANG_WARN_UNREACHABLE_CODE = YES;
				CLANG_WARN__DUPLICATE_METHOD_MATCH = YES;
				"CODE_SIGN_IDENTITY[sdk=iphoneos*]" = "iPhone Developer";
				COPY_PHASE_STRIP = NO;
				DEBUG_INFORMATION_FORMAT = dwarf;
				ENABLE_STRICT_OBJC_MSGSEND = YES;
				ENABLE_TESTABILITY = YES;
				GCC_C_LANGUAGE_STANDARD = gnu99;
				GCC_DYNAMIC_NO_PIC = NO;
				GCC_NO_COMMON_BLOCKS = YES;
				GCC_OPTIMIZATION_LEVEL = 0;
				GCC_PREPROCESSOR_DEFINITIONS = (
					"DEBUG=1",
					"$(inherited)",
				);
				GCC_WARN_64_TO_32_BIT_CONVERSION = YES;
				GCC_WARN_ABOUT_RETURN_TYPE = YES_ERROR;
				GCC_WARN_UNDECLARED_SELECTOR = YES;
				GCC_WARN_UNINITIALIZED_AUTOS = YES_AGGRESSIVE;
				GCC_WARN_UNUSED_FUNCTION = YES;
				GCC_WARN_UNUSED_VARIABLE = YES;
				IPHONEOS_DEPLOYMENT_TARGET = 9.3;
				MTL_ENABLE_DEBUG_INFO = YES;
				ONLY_ACTIVE_ARCH = YES;
				SDKROOT = iphoneos;
				TARGETED_DEVICE_FAMILY = "1,2";
			};
			name = Debug;
		};
		6D762A751CFD1E3E00D48F42 /* Release */ = {
			isa = XCBuildConfiguration;
			buildSettings = {
				ALWAYS_SEARCH_USER_PATHS = NO;
				CLANG_ANALYZER_NONNULL = YES;
				CLANG_CXX_LANGUAGE_STANDARD = "gnu++0x";
				CLANG_CXX_LIBRARY = "libc++";
				CLANG_ENABLE_MODULES = YES;
				CLANG_ENABLE_OBJC_ARC = YES;
				CLANG_WARN_BOOL_CONVERSION = YES;
				CLANG_WARN_CONSTANT_CONVERSION = YES;
				CLANG_WARN_DIRECT_OBJC_ISA_USAGE = YES_ERROR;
				CLANG_WARN_EMPTY_BODY = YES;
				CLANG_WARN_ENUM_CONVERSION = YES;
				CLANG_WARN_INT_CONVERSION = YES;
				CLANG_WARN_OBJC_ROOT_CLASS = YES_ERROR;
				CLANG_WARN_UNREACHABLE_CODE = YES;
				CLANG_WARN__DUPLICATE_METHOD_MATCH = YES;
				"CODE_SIGN_IDENTITY[sdk=iphoneos*]" = "iPhone Developer";
				COPY_PHASE_STRIP = NO;
				DEBUG_INFORMATION_FORMAT = "dwarf-with-dsym";
				ENABLE_NS_ASSERTIONS = NO;
				ENABLE_STRICT_OBJC_MSGSEND = YES;
				GCC_C_LANGUAGE_STANDARD = gnu99;
				GCC_NO_COMMON_BLOCKS = YES;
				GCC_WARN_64_TO_32_BIT_CONVERSION = YES;
				GCC_WARN_ABOUT_RETURN_TYPE = YES_ERROR;
				GCC_WARN_UNDECLARED_SELECTOR = YES;
				GCC_WARN_UNINITIALIZED_AUTOS = YES_AGGRESSIVE;
				GCC_WARN_UNUSED_FUNCTION = YES;
				GCC_WARN_UNUSED_VARIABLE = YES;
				IPHONEOS_DEPLOYMENT_TARGET = 9.3;
				MTL_ENABLE_DEBUG_INFO = NO;
				SDKROOT = iphoneos;
				TARGETED_DEVICE_FAMILY = "1,2";
				VALIDATE_PRODUCT = YES;
			};
			name = Release;
		};
		6D762A771CFD1E3E00D48F42 /* Debug */ = {
			isa = XCBuildConfiguration;
			buildSettings = {
				ASSETCATALOG_COMPILER_APPICON_NAME = AppIcon;
				INFOPLIST_FILE = HHCuteView/Info.plist;
				LD_RUNPATH_SEARCH_PATHS = "$(inherited) @executable_path/Frameworks";
				PRODUCT_BUNDLE_IDENTIFIER = cn.vrv.sdk.HHCuteView;
				PRODUCT_NAME = "$(TARGET_NAME)";
			};
			name = Debug;
		};
		6D762A781CFD1E3E00D48F42 /* Release */ = {
			isa = XCBuildConfiguration;
			buildSettings = {
				ASSETCATALOG_COMPILER_APPICON_NAME = AppIcon;
				INFOPLIST_FILE = HHCuteView/Info.plist;
				LD_RUNPATH_SEARCH_PATHS = "$(inherited) @executable_path/Frameworks";
				PRODUCT_BUNDLE_IDENTIFIER = cn.vrv.sdk.HHCuteView;
				PRODUCT_NAME = "$(TARGET_NAME)";
			};
			name = Release;
		};
		6D762A7A1CFD1E3E00D48F42 /* Debug */ = {
			isa = XCBuildConfiguration;
			buildSettings = {
				BUNDLE_LOADER = "$(TEST_HOST)";
				INFOPLIST_FILE = HHCuteViewTests/Info.plist;
				LD_RUNPATH_SEARCH_PATHS = "$(inherited) @executable_path/Frameworks @loader_path/Frameworks";
				PRODUCT_BUNDLE_IDENTIFIER = cn.vrv.sdk.HHCuteViewTests;
				PRODUCT_NAME = "$(TARGET_NAME)";
				TEST_HOST = "$(BUILT_PRODUCTS_DIR)/HHCuteView.app/HHCuteView";
			};
			name = Debug;
		};
		6D762A7B1CFD1E3E00D48F42 /* Release */ = {
			isa = XCBuildConfiguration;
			buildSettings = {
				BUNDLE_LOADER = "$(TEST_HOST)";
				INFOPLIST_FILE = HHCuteViewTests/Info.plist;
				LD_RUNPATH_SEARCH_PATHS = "$(inherited) @executable_path/Frameworks @loader_path/Frameworks";
				PRODUCT_BUNDLE_IDENTIFIER = cn.vrv.sdk.HHCuteViewTests;
				PRODUCT_NAME = "$(TARGET_NAME)";
				TEST_HOST = "$(BUILT_PRODUCTS_DIR)/HHCuteView.app/HHCuteView";
			};
			name = Release;
		};
		6D762A7D1CFD1E3E00D48F42 /* Debug */ = {
			isa = XCBuildConfiguration;
			buildSettings = {
				INFOPLIST_FILE = HHCuteViewUITests/Info.plist;
				LD_RUNPATH_SEARCH_PATHS = "$(inherited) @executable_path/Frameworks @loader_path/Frameworks";
				PRODUCT_BUNDLE_IDENTIFIER = cn.vrv.sdk.HHCuteViewUITests;
				PRODUCT_NAME = "$(TARGET_NAME)";
				TEST_TARGET_NAME = HHCuteView;
			};
			name = Debug;
		};
		6D762A7E1CFD1E3E00D48F42 /* Release */ = {
			isa = XCBuildConfiguration;
			buildSettings = {
				INFOPLIST_FILE = HHCuteViewUITests/Info.plist;
				LD_RUNPATH_SEARCH_PATHS = "$(inherited) @executable_path/Frameworks @loader_path/Frameworks";
				PRODUCT_BUNDLE_IDENTIFIER = cn.vrv.sdk.HHCuteViewUITests;
				PRODUCT_NAME = "$(TARGET_NAME)";
				TEST_TARGET_NAME = HHCuteView;
			};
			name = Release;
		};
/* End XCBuildConfiguration section */

/* Begin XCConfigurationList section */
		6D762A441CFD1E3D00D48F42 /* Build configuration list for PBXProject "HHCuteView" */ = {
			isa = XCConfigurationList;
			buildConfigurations = (
				6D762A741CFD1E3E00D48F42 /* Debug */,
				6D762A751CFD1E3E00D48F42 /* Release */,
			);
			defaultConfigurationIsVisible = 0;
			defaultConfigurationName = Release;
		};
		6D762A761CFD1E3E00D48F42 /* Build configuration list for PBXNativeTarget "HHCuteView" */ = {
			isa = XCConfigurationList;
			buildConfigurations = (
				6D762A771CFD1E3E00D48F42 /* Debug */,
				6D762A781CFD1E3E00D48F42 /* Release */,
			);
			defaultConfigurationIsVisible = 0;
		};
		6D762A791CFD1E3E00D48F42 /* Build configuration list for PBXNativeTarget "HHCuteViewTests" */ = {
			isa = XCConfigurationList;
			buildConfigurations = (
				6D762A7A1CFD1E3E00D48F42 /* Debug */,
				6D762A7B1CFD1E3E00D48F42 /* Release */,
			);
			defaultConfigurationIsVisible = 0;
		};
		6D762A7C1CFD1E3E00D48F42 /* Build configuration list for PBXNativeTarget "HHCuteViewUITests" */ = {
			isa = XCConfigurationList;
			buildConfigurations = (
				6D762A7D1CFD1E3E00D48F42 /* Debug */,
				6D762A7E1CFD1E3E00D48F42 /* Release */,
			);
			defaultConfigurationIsVisible = 0;
		};
/* End XCConfigurationList section */
	};
	rootObject = 6D762A411CFD1E3D00D48F42 /* Project object */;
}
